
Microsoft Visual Studio Solution File, Format Version 12.00
# Visual Studio 15
Project("{FAE04EC0-301F-11D3-BF4B-00C04F79EFBC}") = "Assembly-CSharp", "Assembly-CSharp.csproj", "{447A0F02-4FB3-B56A-60AF-470F06E4514F}"
EndProject
Project("{FAE04EC0-301F-11D3-BF4B-00C04F79EFBC}") = "Assembly-CSharp-Editor", "Assembly-CSharp-Editor.csproj", "{53FB6356-B454-8ED0-88F7-03883A5272A7}"
EndProject
Global
	GlobalSection(SolutionConfigurationPlatforms) = preSolution
		Debug|Any CPU = Debug|Any CPU
		Release|Any CPU = Release|Any CPU
	EndGlobalSection
	GlobalSection(ProjectConfigurationPlatforms) = postSolution
		{447A0F02-4FB3-B56A-60AF-470F06E4514F}.Debug|Any CPU.ActiveCfg = Debug|Any CPU
		{447A0F02-4FB3-B56A-60AF-470F06E4514F}.Debug|Any CPU.Build.0 = Debug|Any CPU
		{447A0F02-4FB3-B56A-60AF-470F06E4514F}.Release|Any CPU.ActiveCfg = Release|Any CPU
		{447A0F02-4FB3-B56A-60AF-470F06E4514F}.Release|Any CPU.Build.0 = Release|Any CPU
		{53FB6356-B454-8ED0-88F7-03883A5272A7}.Debug|Any CPU.ActiveCfg = Debug|Any CPU
		{53FB6356-B454-8ED0-88F7-03883A5272A7}.Debug|Any CPU.Build.0 = Debug|Any CPU
		{53FB6356-B454-8ED0-88F7-03883A5272A7}.Release|Any CPU.ActiveCfg = Release|Any CPU
		{53FB6356-B454-8ED0-88F7-03883A5272A7}.Release|Any CPU.Build.0 = Release|Any CPU
	EndGlobalSection
	GlobalSection(SolutionProperties) = preSolution
		HideSolutionNode = FALSE
	EndGlobalSection
EndGlobal
